
Microsoft Visual Studio Solution File, Format Version 12.00
# Visual Studio Version 17
VisualStudioVersion = 17.11.35222.181
MinimumVisualStudioVersion = 10.0.40219.1
Project("{FAE04EC0-301F-11D3-BF4B-00C04F79EFBC}") = "DiscordBotApi", "DiscordBotApi\DiscordBotApi.csproj", "{009C5073-0A12-486C-9330-EFC763B51E60}"
EndProject
Global
	GlobalSection(SolutionConfigurationPlatforms) = preSolution
		Debug|Any CPU = Debug|Any CPU
		Release|Any CPU = Release|Any CPU
	EndGlobalSection
	GlobalSection(ProjectConfigurationPlatforms) = postSolution
		{009C5073-0A12-486C-9330-EFC763B51E60}.Debug|Any CPU.ActiveCfg = Debug|Any CPU
		{009C5073-0A12-486C-9330-EFC763B51E60}.Debug|Any CPU.Build.0 = Debug|Any CPU
		{009C5073-0A12-486C-9330-EFC763B51E60}.Release|Any CPU.ActiveCfg = Release|Any CPU
		{009C5073-0A12-486C-9330-EFC763B51E60}.Release|Any CPU.Build.0 = Release|Any CPU
	EndGlobalSection
	GlobalSection(SolutionProperties) = preSolution
		HideSolutionNode = FALSE
	EndGlobalSection
	GlobalSection(ExtensibilityGlobals) = postSolution
		SolutionGuid = {1D0870AD-7A5A-411F-BCEF-67AAC97CB183}
	EndGlobalSection
EndGlobal
